
Microsoft Visual Studio Solution File, Format Version 12.00
Project("{FAE04EC0-301F-11D3-BF4B-00C04F79EFBC}") = "NETPC", "NETPC\NETPC.csproj", "{F045CBA0-573A-4C5C-ADE1-7A1D28CF6A51}"
EndProject
Global
	GlobalSection(SolutionConfigurationPlatforms) = preSolution
		Debug|Any CPU = Debug|Any CPU
		Release|Any CPU = Release|Any CPU
	EndGlobalSection
	GlobalSection(ProjectConfigurationPlatforms) = postSolution
		{F045CBA0-573A-4C5C-ADE1-7A1D28CF6A51}.Debug|Any CPU.ActiveCfg = Debug|Any CPU
		{F045CBA0-573A-4C5C-ADE1-7A1D28CF6A51}.Debug|Any CPU.Build.0 = Debug|Any CPU
		{F045CBA0-573A-4C5C-ADE1-7A1D28CF6A51}.Release|Any CPU.ActiveCfg = Release|Any CPU
		{F045CBA0-573A-4C5C-ADE1-7A1D28CF6A51}.Release|Any CPU.Build.0 = Release|Any CPU
	EndGlobalSection
EndGlobal
